<?xml version="1.0" encoding="utf-8"?>
<Project ToolsVersion="4.0" xmlns="http://schemas.microsoft.com/developer/msbuild/2003">
  <ItemGroup>
    <Filter Include="资源文件">
      <UniqueIdentifier>{67DA6AB6-F800-4c08-8B7A-83BB121AAD01}</UniqueIdentifier>
      <Extensions>rc;ico;cur;bmp;dlg;rc2;rct;bin;rgs;gif;jpg;jpeg;jpe;resx;tiff;tif;png;wav;mfcribbon-ms</Extensions>
    </Filter>
    <Filter Include="Common">
      <UniqueIdentifier>{ba5a04fd-b622-47bc-98cd-81cdb8b1d89e}</UniqueIdentifier>
    </Filter>
    <Filter Include="Network">
      <UniqueIdentifier>{390b82ff-9b15-4df2-af1a-0466462f844f}</UniqueIdentifier>
    </Filter>
    <Filter Include="Network\JsonAnaysis">
      <UniqueIdentifier>{1d3139f3-de2f-47cc-ad58-b6a4e76b8418}</UniqueIdentifier>
    </Filter>
    <Filter Include="Network\WebSocket">
      <UniqueIdentifier>{081df85f-68d5-409c-b152-269a48b059f2}</UniqueIdentifier>
    </Filter>
    <Filter Include="Network\Http">
      <UniqueIdentifier>{97cf7011-dba7-4570-9eca-a4fcc7311183}</UniqueIdentifier>
    </Filter>
    <Filter Include="Window">
      <UniqueIdentifier>{d6289278-76c7-4adb-8b27-b6ffa5645878}</UniqueIdentifier>
    </Filter>
    <Filter Include="Window\WindowBase">
      <UniqueIdentifier>{df788640-a1bb-40dd-9901-eaaa8ed94df9}</UniqueIdentifier>
    </Filter>
    <Filter Include="Window\MainWindow">
      <UniqueIdentifier>{0391fbda-1c50-45ca-be7e-4921e8e2cf51}</UniqueIdentifier>
    </Filter>
    <Filter Include="Common\Design Pattern">
      <UniqueIdentifier>{6a085a38-c05a-49c4-a43f-ea52c9293815}</UniqueIdentifier>
    </Filter>
    <Filter Include="Window\ImGui">
      <UniqueIdentifier>{8115fcbf-d4c9-4a20-8b47-f819a2a45fbc}</UniqueIdentifier>
    </Filter>
    <Filter Include="Common\Application">
      <UniqueIdentifier>{93995380-89BD-4b04-88EB-625FBE52EBFB}</UniqueIdentifier>
      <Extensions>h;hh;hpp;hxx;hm;inl;inc;ipp;xsd</Extensions>
    </Filter>
    <Filter Include="Common\test">
      <UniqueIdentifier>{4f645000-01de-4126-b498-488e080c9ee7}</UniqueIdentifier>
    </Filter>
    <Filter Include="main">
      <UniqueIdentifier>{4FC737F1-C7A5-4376-A066-2A32D752A2FF}</UniqueIdentifier>
      <Extensions>cpp;c;cc;cxx;def;odl;idl;hpj;bat;asm;asmx</Extensions>
    </Filter>
    <Filter Include="Window\ImGui\ImGuiImpl">
      <UniqueIdentifier>{14eddd8d-bec2-4703-97db-a4ea46a21391}</UniqueIdentifier>
    </Filter>
    <Filter Include="ClamAv">
      <UniqueIdentifier>{e210a4aa-ad75-4ff3-907b-2bbebd023bb9}</UniqueIdentifier>
    </Filter>
    <Filter Include="ClamAv\ClamAvEngine">
      <UniqueIdentifier>{8581585e-0f8a-40cb-be1e-b21a96f2bfdb}</UniqueIdentifier>
    </Filter>
    <Filter Include="Window\ConfigWindow">
      <UniqueIdentifier>{2f5b4e80-5039-48fa-a7fe-85f29a215b75}</UniqueIdentifier>
    </Filter>
    <Filter Include="ClamAv\Config">
      <UniqueIdentifier>{f1d6d896-57a2-48af-b2d8-d09b82c9ccd1}</UniqueIdentifier>
    </Filter>
    <Filter Include="Window\AVWindow">
      <UniqueIdentifier>{18ede636-0cd9-404b-a69c-d3b7ffaec110}</UniqueIdentifier>
    </Filter>
    <Filter Include="资源文件\AVProcessWindow">
      <UniqueIdentifier>{954ab62b-4d67-4a0e-8c72-62cbd3c3e2d4}</UniqueIdentifier>
    </Filter>
  </ItemGroup>
  <ItemGroup>
    <ClCompile Include="imgui.cpp">
      <Filter>Window\ImGui</Filter>
    </ClCompile>
    <ClCompile Include="imgui_demo.cpp">
      <Filter>Window\ImGui</Filter>
    </ClCompile>
    <ClCompile Include="imgui_draw.cpp">
      <Filter>Window\ImGui</Filter>
    </ClCompile>
    <ClCompile Include="imgui_widgets.cpp">
      <Filter>Window\ImGui</Filter>
    </ClCompile>
    <ClCompile Include="Application.cpp">
      <Filter>Common\Application</Filter>
    </ClCompile>
    <ClCompile Include="ImplWindow.cpp">
      <Filter>Window\ImGui\ImGuiImpl</Filter>
    </ClCompile>
    <ClCompile Include="WindowsBase.cpp">
      <Filter>Window\WindowBase</Filter>
    </ClCompile>
    <ClCompile Include="MainWindow.cpp">
      <Filter>Window\MainWindow</Filter>
    </ClCompile>
    <ClCompile Include="test_async_boost.cpp">
      <Filter>Common\test</Filter>
    </ClCompile>
    <ClCompile Include="test_boost.cpp">
      <Filter>Common\test</Filter>
    </ClCompile>
    <ClCompile Include="Websocket.cpp">
      <Filter>Network\WebSocket</Filter>
    </ClCompile>
    <ClCompile Include="JsonAnalysiscpp.cpp">
      <Filter>Network\JsonAnaysis</Filter>
    </ClCompile>
    <ClCompile Include="test_websocket.cpp">
      <Filter>Common\test</Filter>
    </ClCompile>
    <ClCompile Include="imgui_impl_dx9.cpp">
      <Filter>Window\ImGui\ImGuiImpl</Filter>
    </ClCompile>
    <ClCompile Include="imgui_impl_win32.cpp">
      <Filter>Window\ImGui\ImGuiImpl</Filter>
    </ClCompile>
    <ClCompile Include="test_http_async.cpp">
      <Filter>Common\test</Filter>
    </ClCompile>
    <ClCompile Include="test_http.cpp">
      <Filter>Common\test</Filter>
    </ClCompile>
    <ClCompile Include="HttpReply.cpp">
      <Filter>Network\Http</Filter>
    </ClCompile>
    <ClCompile Include="HttpWrapper.cpp">
      <Filter>Network\Http</Filter>
    </ClCompile>
    <ClCompile Include="test_clamav.cpp">
      <Filter>Common\test</Filter>
    </ClCompile>
    <ClCompile Include="AVWClient.cpp">
      <Filter>main</Filter>
    </ClCompile>
    <ClCompile Include="AVScan.cpp">
      <Filter>ClamAv</Filter>
    </ClCompile>
    <ClCompile Include="LocalEngine.cpp">
      <Filter>ClamAv\ClamAvEngine</Filter>
    </ClCompile>
    <ClCompile Include="OnlineEngine.cpp">
      <Filter>ClamAv\ClamAvEngine</Filter>
    </ClCompile>
    <ClCompile Include="ConfigWindow.cpp">
      <Filter>Window\ConfigWindow</Filter>
    </ClCompile>
    <ClCompile Include="AVWindow.cpp">
      <Filter>Window\AVWindow</Filter>
    </ClCompile>
    <ClCompile Include="AVProcess.cpp">
      <Filter>Window</Filter>
    </ClCompile>
  </ItemGroup>
  <ItemGroup>
    <ClInclude Include="IApplication.hpp">
      <Filter>Common\Application</Filter>
    </ClInclude>
    <ClInclude Include="Singleton.hpp">
      <Filter>Common\Design Pattern</Filter>
    </ClInclude>
    <ClInclude Include="CommonDefine.h">
      <Filter>Common</Filter>
    </ClInclude>
    <ClInclude Include="Observer.hpp">
      <Filter>Common\Design Pattern</Filter>
    </ClInclude>
    <ClInclude Include="Application.hpp">
      <Filter>Common\Application</Filter>
    </ClInclude>
    <ClInclude Include="ImplWindow.hpp">
      <Filter>Window\ImGui\ImGuiImpl</Filter>
    </ClInclude>
    <ClInclude Include="WindowsBase.hpp">
      <Filter>Window\WindowBase</Filter>
    </ClInclude>
    <ClInclude Include="MainWindow.hpp">
      <Filter>Window\MainWindow</Filter>
    </ClInclude>
    <ClInclude Include="Websocket.hpp">
      <Filter>Network\WebSocket</Filter>
    </ClInclude>
    <ClInclude Include="JsonAnalysiscpp.h">
      <Filter>Network\JsonAnaysis</Filter>
    </ClInclude>
    <ClInclude Include="HttpReply.hpp">
      <Filter>Network\Http</Filter>
    </ClInclude>
    <ClInclude Include="HttpWrapper.hpp">
      <Filter>Network\Http</Filter>
    </ClInclude>
    <ClInclude Include="AVScan.h">
      <Filter>ClamAv</Filter>
    </ClInclude>
    <ClInclude Include="IAVEngine.hpp">
      <Filter>ClamAv\ClamAvEngine</Filter>
    </ClInclude>
    <ClInclude Include="LocalEngine.h">
      <Filter>ClamAv\ClamAvEngine</Filter>
    </ClInclude>
    <ClInclude Include="BlockQueue.h">
      <Filter>Common</Filter>
    </ClInclude>
    <ClInclude Include="OnlineEngine.h">
      <Filter>ClamAv\ClamAvEngine</Filter>
    </ClInclude>
    <ClInclude Include="Config.hpp">
      <Filter>ClamAv\Config</Filter>
    </ClInclude>
    <ClInclude Include="ConfigWindow.h">
      <Filter>Window\ConfigWindow</Filter>
    </ClInclude>
    <ClInclude Include="AVWindow.h">
      <Filter>Window\AVWindow</Filter>
    </ClInclude>
    <ClInclude Include="AVProcess.h">
      <Filter>Window</Filter>
    </ClInclude>
  </ItemGroup>
  <ItemGroup>
    <None Include="ClassDiagram1.cd" />
    <None Include="ClassDiagram.cd">
      <Filter>Window</Filter>
    </None>
  </ItemGroup>
</Project>